
Microsoft Visual Studio Solution File, Format Version 12.00
# Visual Studio Version 16
VisualStudioVersion = 16.0.33927.289
MinimumVisualStudioVersion = 10.0.40219.1
Project("{FAE04EC0-301F-11D3-BF4B-00C04F79EFBC}") = "MultithreadingExample", "MultithreadingExample\MultithreadingExample.csproj", "{89009FC2-2F8D-4D01-B2CD-77C694098929}"
EndProject
Project("{FAE04EC0-301F-11D3-BF4B-00C04F79EFBC}") = "Example2", "Example2\Example2.csproj", "{A5FC9CAD-0430-481B-A888-DC8358884AD7}"
EndProject
Project("{FAE04EC0-301F-11D3-BF4B-00C04F79EFBC}") = "WebApi", "WebApi\WebApi.csproj", "{DBFF3154-DD7E-4EBF-8344-B64B82E93301}"
EndProject
Project("{FAE04EC0-301F-11D3-BF4B-00C04F79EFBC}") = "WebApi.Tests", "WebApi.Tests\WebApi.Tests.csproj", "{0BFB0A2B-17F5-4A43-855C-106D8A822F52}"
EndProject
Global
	GlobalSection(SolutionConfigurationPlatforms) = preSolution
		Debug|Any CPU = Debug|Any CPU
		Release|Any CPU = Release|Any CPU
	EndGlobalSection
	GlobalSection(ProjectConfigurationPlatforms) = postSolution
		{89009FC2-2F8D-4D01-B2CD-77C694098929}.Debug|Any CPU.ActiveCfg = Debug|Any CPU
		{89009FC2-2F8D-4D01-B2CD-77C694098929}.Debug|Any CPU.Build.0 = Debug|Any CPU
		{89009FC2-2F8D-4D01-B2CD-77C694098929}.Release|Any CPU.ActiveCfg = Release|Any CPU
		{89009FC2-2F8D-4D01-B2CD-77C694098929}.Release|Any CPU.Build.0 = Release|Any CPU
		{A5FC9CAD-0430-481B-A888-DC8358884AD7}.Debug|Any CPU.ActiveCfg = Debug|Any CPU
		{A5FC9CAD-0430-481B-A888-DC8358884AD7}.Debug|Any CPU.Build.0 = Debug|Any CPU
		{A5FC9CAD-0430-481B-A888-DC8358884AD7}.Release|Any CPU.ActiveCfg = Release|Any CPU
		{A5FC9CAD-0430-481B-A888-DC8358884AD7}.Release|Any CPU.Build.0 = Release|Any CPU
		{DBFF3154-DD7E-4EBF-8344-B64B82E93301}.Debug|Any CPU.ActiveCfg = Debug|Any CPU
		{DBFF3154-DD7E-4EBF-8344-B64B82E93301}.Debug|Any CPU.Build.0 = Debug|Any CPU
		{DBFF3154-DD7E-4EBF-8344-B64B82E93301}.Release|Any CPU.ActiveCfg = Release|Any CPU
		{DBFF3154-DD7E-4EBF-8344-B64B82E93301}.Release|Any CPU.Build.0 = Release|Any CPU
		{0BFB0A2B-17F5-4A43-855C-106D8A822F52}.Debug|Any CPU.ActiveCfg = Debug|Any CPU
		{0BFB0A2B-17F5-4A43-855C-106D8A822F52}.Debug|Any CPU.Build.0 = Debug|Any CPU
		{0BFB0A2B-17F5-4A43-855C-106D8A822F52}.Release|Any CPU.ActiveCfg = Release|Any CPU
		{0BFB0A2B-17F5-4A43-855C-106D8A822F52}.Release|Any CPU.Build.0 = Release|Any CPU
	EndGlobalSection
	GlobalSection(SolutionProperties) = preSolution
		HideSolutionNode = FALSE
	EndGlobalSection
	GlobalSection(ExtensibilityGlobals) = postSolution
		SolutionGuid = {8341EE28-981B-4D0C-B9EF-C3C44F6294D4}
	EndGlobalSection
EndGlobal
